// !$*UTF8*$!
{
	archiveVersion = 1;
	classes = {
	};
	objectVersion = 54;
	objects = {

/* Begin PBXBuildFile section */
		28D525B60EA8076400B7CF7B /* GMFinderInfo.h in Headers */ = {isa = PBXBuildFile; fileRef = FF4337480D27697A00554C02 /* GMFinderInfo.h */; settings = {ATTRIBUTES = (Public, ); }; };
		28D525B70EA8076400B7CF7B /* GMResourceFork.h in Headers */ = {isa = PBXBuildFile; fileRef = FF43374A0D27697A00554C02 /* GMResourceFork.h */; settings = {ATTRIBUTES = (Public, ); }; };
		28D525B80EA8076400B7CF7B /* GMUserFileSystem.h in Headers */ = {isa = PBXBuildFile; fileRef = FFC1BF780D2D81D5009D8847 /* GMUserFileSystem.h */; settings = {ATTRIBUTES = (Public, ); }; };
		28D525B90EA8076400B7CF7B /* GMDataBackedFileDelegate.h in Headers */ = {isa = PBXBuildFile; fileRef = FF6C40200D300D7E00E51DD2 /* GMDataBackedFileDelegate.h */; };
		28D525BE0EA8076400B7CF7B /* GMFinderInfo.m in Sources */ = {isa = PBXBuildFile; fileRef = FF4337490D27697A00554C02 /* GMFinderInfo.m */; };
		28D525BF0EA8076400B7CF7B /* GMResourceFork.m in Sources */ = {isa = PBXBuildFile; fileRef = FF43374B0D27697A00554C02 /* GMResourceFork.m */; };
		28D525C00EA8076400B7CF7B /* GMUserFileSystem.m in Sources */ = {isa = PBXBuildFile; fileRef = FFC1BF790D2D81D5009D8847 /* GMUserFileSystem.m */; };
		28D525C10EA8076400B7CF7B /* GMDataBackedFileDelegate.m in Sources */ = {isa = PBXBuildFile; fileRef = FF6C40210D300D7E00E51DD2 /* GMDataBackedFileDelegate.m */; };
		28D525C30EA8076400B7CF7B /* Foundation.framework in Frameworks */ = {isa = PBXBuildFile; fileRef = 0867D69BFE84028FC02AAC07 /* Foundation.framework */; };
		28D526C80EA8342500B7CF7B /* macfuse_objc_dtrace.d in Sources */ = {isa = PBXBuildFile; fileRef = 28D526C70EA8342500B7CF7B /* macfuse_objc_dtrace.d */; };
		43470F5B1C83C66B001A6CC4 /* GMAvailability.h in Headers */ = {isa = PBXBuildFile; fileRef = 43470F5A1C83C549001A6CC4 /* GMAvailability.h */; settings = {ATTRIBUTES = (Public, ); }; };
		437F550B2DA901D600DC330E /* GMDirectoryEntry.h in Headers */ = {isa = PBXBuildFile; fileRef = 437F550A2DA901C200DC330E /* GMDirectoryEntry.h */; settings = {ATTRIBUTES = (Public, ); }; };
		437F550D2DA901E400DC330E /* GMDirectoryEntry.m in Sources */ = {isa = PBXBuildFile; fileRef = 437F550C2DA901DC00DC330E /* GMDirectoryEntry.m */; };
		FF9CE9410EAC59C80006A9F1 /* macFUSE.h in Headers */ = {isa = PBXBuildFile; fileRef = FF9CE9400EAC59C80006A9F1 /* macFUSE.h */; settings = {ATTRIBUTES = (Public, ); }; };
/* End PBXBuildFile section */

/* Begin PBXFileReference section */
		0867D69BFE84028FC02AAC07 /* Foundation.framework */ = {isa = PBXFileReference; lastKnownFileType = wrapper.framework; name = Foundation.framework; path = /System/Library/Frameworks/Foundation.framework; sourceTree = "<absolute>"; };
		28D525C80EA8076400B7CF7B /* macFUSE.framework */ = {isa = PBXFileReference; explicitFileType = wrapper.framework; includeInIndex = 0; path = macFUSE.framework; sourceTree = BUILT_PRODUCTS_DIR; };
		28D526C40EA833F100B7CF7B /* GMDTrace.h */ = {isa = PBXFileReference; fileEncoding = 4; lastKnownFileType = sourcecode.c.h; lineEnding = 0; path = GMDTrace.h; sourceTree = "<group>"; xcLanguageSpecificationIdentifier = xcode.lang.objcpp; };
		28D526C70EA8342500B7CF7B /* macfuse_objc_dtrace.d */ = {isa = PBXFileReference; fileEncoding = 4; lastKnownFileType = sourcecode.dtrace; path = macfuse_objc_dtrace.d; sourceTree = "<group>"; };
		43470F5A1C83C549001A6CC4 /* GMAvailability.h */ = {isa = PBXFileReference; indentWidth = 2; lastKnownFileType = sourcecode.c.h; path = GMAvailability.h; sourceTree = "<group>"; tabWidth = 2; };
		437F550A2DA901C200DC330E /* GMDirectoryEntry.h */ = {isa = PBXFileReference; indentWidth = 2; lastKnownFileType = sourcecode.c.h; path = GMDirectoryEntry.h; sourceTree = "<group>"; tabWidth = 2; };
		437F550C2DA901DC00DC330E /* GMDirectoryEntry.m */ = {isa = PBXFileReference; lastKnownFileType = sourcecode.c.objc; path = GMDirectoryEntry.m; sourceTree = "<group>"; };
		8DC2EF5A0486A6940098B216 /* Info.plist */ = {isa = PBXFileReference; fileEncoding = 4; lastKnownFileType = text.plist.xml; path = Info.plist; sourceTree = "<group>"; };
		FF4337480D27697A00554C02 /* GMFinderInfo.h */ = {isa = PBXFileReference; fileEncoding = 4; lastKnownFileType = sourcecode.c.h; lineEnding = 0; path = GMFinderInfo.h; sourceTree = "<group>"; xcLanguageSpecificationIdentifier = xcode.lang.objcpp; };
		FF4337490D27697A00554C02 /* GMFinderInfo.m */ = {isa = PBXFileReference; fileEncoding = 4; indentWidth = 2; lastKnownFileType = sourcecode.c.objc; lineEnding = 0; path = GMFinderInfo.m; sourceTree = "<group>"; tabWidth = 2; xcLanguageSpecificationIdentifier = xcode.lang.objc; };
		FF43374A0D27697A00554C02 /* GMResourceFork.h */ = {isa = PBXFileReference; fileEncoding = 4; lastKnownFileType = sourcecode.c.h; lineEnding = 0; path = GMResourceFork.h; sourceTree = "<group>"; xcLanguageSpecificationIdentifier = xcode.lang.objcpp; };
		FF43374B0D27697A00554C02 /* GMResourceFork.m */ = {isa = PBXFileReference; fileEncoding = 4; indentWidth = 2; lastKnownFileType = sourcecode.c.objc; lineEnding = 0; path = GMResourceFork.m; sourceTree = "<group>"; tabWidth = 2; xcLanguageSpecificationIdentifier = xcode.lang.objc; };
		FF6C40200D300D7E00E51DD2 /* GMDataBackedFileDelegate.h */ = {isa = PBXFileReference; fileEncoding = 4; lastKnownFileType = sourcecode.c.h; lineEnding = 0; path = GMDataBackedFileDelegate.h; sourceTree = "<group>"; xcLanguageSpecificationIdentifier = xcode.lang.objcpp; };
		FF6C40210D300D7E00E51DD2 /* GMDataBackedFileDelegate.m */ = {isa = PBXFileReference; fileEncoding = 4; indentWidth = 2; lastKnownFileType = sourcecode.c.objc; lineEnding = 0; path = GMDataBackedFileDelegate.m; sourceTree = "<group>"; tabWidth = 2; xcLanguageSpecificationIdentifier = xcode.lang.objc; };
		FF9CE9400EAC59C80006A9F1 /* macFUSE.h */ = {isa = PBXFileReference; fileEncoding = 4; lastKnownFileType = sourcecode.c.h; lineEnding = 0; path = macFUSE.h; sourceTree = "<group>"; xcLanguageSpecificationIdentifier = xcode.lang.objcpp; };
		FFC1BF780D2D81D5009D8847 /* GMUserFileSystem.h */ = {isa = PBXFileReference; fileEncoding = 4; lastKnownFileType = sourcecode.c.h; lineEnding = 0; path = GMUserFileSystem.h; sourceTree = "<group>"; xcLanguageSpecificationIdentifier = xcode.lang.objcpp; };
		FFC1BF790D2D81D5009D8847 /* GMUserFileSystem.m */ = {isa = PBXFileReference; fileEncoding = 4; indentWidth = 2; lastKnownFileType = sourcecode.c.objc; lineEnding = 0; path = GMUserFileSystem.m; sourceTree = "<group>"; tabWidth = 2; usesTabs = 0; xcLanguageSpecificationIdentifier = xcode.lang.objc; };
/* End PBXFileReference section */

/* Begin PBXFrameworksBuildPhase section */
		28D525C20EA8076400B7CF7B /* Frameworks */ = {
			isa = PBXFrameworksBuildPhase;
			buildActionMask = 2147483647;
			files = (
				28D525C30EA8076400B7CF7B /* Foundation.framework in Frameworks */,
			);
			runOnlyForDeploymentPostprocessing = 0;
		};
/* End PBXFrameworksBuildPhase section */

/* Begin PBXGroup section */
		034768DFFF38A50411DB9C8B /* Products */ = {
			isa = PBXGroup;
			children = (
				28D525C80EA8076400B7CF7B /* macFUSE.framework */,
			);
			name = Products;
			sourceTree = "<group>";
		};
		0867D691FE84028FC02AAC07 /* MacFUSE */ = {
			isa = PBXGroup;
			children = (
				08FB77AEFE84172EC02AAC07 /* Framework */,
				0867D69AFE84028FC02AAC07 /* Frameworks */,
				034768DFFF38A50411DB9C8B /* Products */,
			);
			name = MacFUSE;
			sourceTree = "<group>";
		};
		0867D69AFE84028FC02AAC07 /* Frameworks */ = {
			isa = PBXGroup;
			children = (
				0867D69BFE84028FC02AAC07 /* Foundation.framework */,
			);
			name = Frameworks;
			sourceTree = "<group>";
		};
		089C1665FE841158C02AAC07 /* Supporting Files */ = {
			isa = PBXGroup;
			children = (
				8DC2EF5A0486A6940098B216 /* Info.plist */,
			);
			name = "Supporting Files";
			sourceTree = "<group>";
		};
		08FB77AEFE84172EC02AAC07 /* Framework */ = {
			isa = PBXGroup;
			children = (
				32C88DFF0371C24200C91783 /* DTrace */,
				43470F5A1C83C549001A6CC4 /* GMAvailability.h */,
				FF6C40200D300D7E00E51DD2 /* GMDataBackedFileDelegate.h */,
				FF6C40210D300D7E00E51DD2 /* GMDataBackedFileDelegate.m */,
				437F550A2DA901C200DC330E /* GMDirectoryEntry.h */,
				437F550C2DA901DC00DC330E /* GMDirectoryEntry.m */,
				FF4337480D27697A00554C02 /* GMFinderInfo.h */,
				FF4337490D27697A00554C02 /* GMFinderInfo.m */,
				FF43374A0D27697A00554C02 /* GMResourceFork.h */,
				FF43374B0D27697A00554C02 /* GMResourceFork.m */,
				FFC1BF780D2D81D5009D8847 /* GMUserFileSystem.h */,
				FFC1BF790D2D81D5009D8847 /* GMUserFileSystem.m */,
				FF9CE9400EAC59C80006A9F1 /* macFUSE.h */,
				089C1665FE841158C02AAC07 /* Supporting Files */,
			);
			path = Framework;
			sourceTree = "<group>";
		};
		32C88DFF0371C24200C91783 /* DTrace */ = {
			isa = PBXGroup;
			children = (
				28D526C40EA833F100B7CF7B /* GMDTrace.h */,
				28D526C70EA8342500B7CF7B /* macfuse_objc_dtrace.d */,
			);
			name = DTrace;
			sourceTree = "<group>";
		};
/* End PBXGroup section */

/* Begin PBXHeadersBuildPhase section */
		28D525B40EA8076400B7CF7B /* Headers */ = {
			isa = PBXHeadersBuildPhase;
			buildActionMask = 2147483647;
			files = (
				43470F5B1C83C66B001A6CC4 /* GMAvailability.h in Headers */,
				28D525B60EA8076400B7CF7B /* GMFinderInfo.h in Headers */,
				28D525B70EA8076400B7CF7B /* GMResourceFork.h in Headers */,
				28D525B80EA8076400B7CF7B /* GMUserFileSystem.h in Headers */,
				28D525B90EA8076400B7CF7B /* GMDataBackedFileDelegate.h in Headers */,
				FF9CE9410EAC59C80006A9F1 /* macFUSE.h in Headers */,
				437F550B2DA901D600DC330E /* GMDirectoryEntry.h in Headers */,
			);
			runOnlyForDeploymentPostprocessing = 0;
		};
/* End PBXHeadersBuildPhase section */

/* Begin PBXNativeTarget section */
		28D525B30EA8076400B7CF7B /* macFUSE */ = {
			isa = PBXNativeTarget;
			buildConfigurationList = 28D525C50EA8076400B7CF7B /* Build configuration list for PBXNativeTarget "macFUSE" */;
			buildPhases = (
				28D525B40EA8076400B7CF7B /* Headers */,
				43C8581E265039430021A8BC /* ShellScript */,
				28D525BA0EA8076400B7CF7B /* Resources */,
				28D525BC0EA8076400B7CF7B /* Sources */,
				28D525C20EA8076400B7CF7B /* Frameworks */,
				43C8582B265053780021A8BC /* ShellScript */,
			);
			buildRules = (
			);
			dependencies = (
			);
			name = macFUSE;
			productInstallPath = /Library/Frameworks;
			productName = MacFUSE;
			productReference = 28D525C80EA8076400B7CF7B /* macFUSE.framework */;
			productType = "com.apple.product-type.framework";
		};
/* End PBXNativeTarget section */

/* Begin PBXProject section */
		0867D690FE84028FC02AAC07 /* Project object */ = {
			isa = PBXProject;
			attributes = {
				BuildIndependentTargetsInParallel = YES;
				LastUpgradeCheck = 1500;
			};
			buildConfigurationList = 1DEB91B108733DA50010E9CD /* Build configuration list for PBXProject "Framework" */;
			compatibilityVersion = "Xcode 3.1";
			developmentRegion = en;
			hasScannedForEncodings = 1;
			knownRegions = (
				en,
				Base,
			);
			mainGroup = 0867D691FE84028FC02AAC07 /* MacFUSE */;
			productRefGroup = 034768DFFF38A50411DB9C8B /* Products */;
			projectDirPath = "";
			projectRoot = "";
			targets = (
				28D525B30EA8076400B7CF7B /* macFUSE */,
			);
		};
/* End PBXProject section */

/* Begin PBXResourcesBuildPhase section */
		28D525BA0EA8076400B7CF7B /* Resources */ = {
			isa = PBXResourcesBuildPhase;
			buildActionMask = 2147483647;
			files = (
			);
			runOnlyForDeploymentPostprocessing = 0;
		};
/* End PBXResourcesBuildPhase section */

/* Begin PBXShellScriptBuildPhase section */
		43C8581E265039430021A8BC /* ShellScript */ = {
			isa = PBXShellScriptBuildPhase;
			alwaysOutOfDate = 1;
			buildActionMask = 2147483647;
			files = (
			);
			inputFileListPaths = (
			);
			inputPaths = (
			);
			outputFileListPaths = (
			);
			outputPaths = (
			);
			runOnlyForDeploymentPostprocessing = 0;
			shellPath = /bin/sh;
			shellScript = "if [[ \"${PRODUCT_NAME}\" != \"macFUSE\" ]]\nthen\n    /bin/ln -sf \"${PRODUCT_NAME}.framework\" \"${BUILT_PRODUCTS_DIR}/macFUSE.framework\"\nfi\n";
		};
		43C8582B265053780021A8BC /* ShellScript */ = {
			isa = PBXShellScriptBuildPhase;
			alwaysOutOfDate = 1;
			buildActionMask = 2147483647;
			files = (
			);
			inputFileListPaths = (
			);
			inputPaths = (
			);
			outputFileListPaths = (
			);
			outputPaths = (
			);
			runOnlyForDeploymentPostprocessing = 0;
			shellPath = /bin/sh;
			shellScript = "if [[ \"${PRODUCT_NAME}\" != \"macFUSE\" ]]\nthen\n    pushd \"${BUILT_PRODUCTS_DIR}\"\n\n    /bin/rm \"macFUSE.framework\"\n    /usr/bin/sed -E -e \"s/(#[[:space:]]*(import|include)[[:space:]]{1,}<)macFUSE\\//\\1${PRODUCT_NAME}\\//\" -i \"\" \"${PUBLIC_HEADERS_FOLDER_PATH}\"/*.h\n    mv \"${PUBLIC_HEADERS_FOLDER_PATH}/macFUSE.h\" \"${PUBLIC_HEADERS_FOLDER_PATH}/${PRODUCT_NAME}.h\"\n\n    popd\nfi\n";
		};
/* End PBXShellScriptBuildPhase section */

/* Begin PBXSourcesBuildPhase section */
		28D525BC0EA8076400B7CF7B /* Sources */ = {
			isa = PBXSourcesBuildPhase;
			buildActionMask = 2147483647;
			files = (
				437F550D2DA901E400DC330E /* GMDirectoryEntry.m in Sources */,
				28D525BE0EA8076400B7CF7B /* GMFinderInfo.m in Sources */,
				28D525BF0EA8076400B7CF7B /* GMResourceFork.m in Sources */,
				28D525C00EA8076400B7CF7B /* GMUserFileSystem.m in Sources */,
				28D525C10EA8076400B7CF7B /* GMDataBackedFileDelegate.m in Sources */,
				28D526C80EA8342500B7CF7B /* macfuse_objc_dtrace.d in Sources */,
			);
			runOnlyForDeploymentPostprocessing = 0;
		};
/* End PBXSourcesBuildPhase section */

/* Begin XCBuildConfiguration section */
		1DEB91B208733DA50010E9CD /* Debug */ = {
			isa = XCBuildConfiguration;
			buildSettings = {
				ALWAYS_SEARCH_USER_PATHS = NO;
				CLANG_WARN_BLOCK_CAPTURE_AUTORELEASING = YES;
				CLANG_WARN_BOOL_CONVERSION = YES;
				CLANG_WARN_COMMA = YES;
				CLANG_WARN_CONSTANT_CONVERSION = YES;
				CLANG_WARN_DEPRECATED_OBJC_IMPLEMENTATIONS = YES;
				CLANG_WARN_EMPTY_BODY = YES;
				CLANG_WARN_ENUM_CONVERSION = YES;
				CLANG_WARN_INFINITE_RECURSION = YES;
				CLANG_WARN_INT_CONVERSION = YES;
				CLANG_WARN_NON_LITERAL_NULL_CONVERSION = YES;
				CLANG_WARN_OBJC_IMPLICIT_RETAIN_SELF = YES;
				CLANG_WARN_OBJC_LITERAL_CONVERSION = YES;
				CLANG_WARN_QUOTED_INCLUDE_IN_FRAMEWORK_HEADER = YES;
				CLANG_WARN_RANGE_LOOP_ANALYSIS = YES;
				CLANG_WARN_STRICT_PROTOTYPES = YES;
				CLANG_WARN_SUSPICIOUS_MOVE = YES;
				CLANG_WARN_UNREACHABLE_CODE = YES;
				CLANG_WARN__DUPLICATE_METHOD_MATCH = YES;
				COPY_PHASE_STRIP = NO;
				DEAD_CODE_STRIPPING = YES;
				ENABLE_STRICT_OBJC_MSGSEND = YES;
				ENABLE_TESTABILITY = YES;
				FUSE_BUNDLE_IDENTIFIER_PREFIX = io.macfuse;
				FUSE_DISPLAY_NAME = macFUSE;
				FUSE_NAME = macfuse;
				FUSE_VERSION = 5.0.0;
				GCC_C_LANGUAGE_STANDARD = c99;
				GCC_ENABLE_OBJC_EXCEPTIONS = YES;
				GCC_NO_COMMON_BLOCKS = YES;
				GCC_PREPROCESSOR_DEFINITIONS = (
					"$(inherited)",
					"DEBUG=1",
				);
				GCC_SYMBOLS_PRIVATE_EXTERN = YES;
				GCC_TREAT_WARNINGS_AS_ERRORS = YES;
				GCC_WARN_64_TO_32_BIT_CONVERSION = YES;
				GCC_WARN_ABOUT_RETURN_TYPE = YES;
				GCC_WARN_UNDECLARED_SELECTOR = NO;
				GCC_WARN_UNINITIALIZED_AUTOS = YES;
				GCC_WARN_UNUSED_FUNCTION = YES;
				GCC_WARN_UNUSED_VARIABLE = YES;
				MACOSX_DEPLOYMENT_TARGET = 10.15;
				ONLY_ACTIVE_ARCH = YES;
				SDKROOT = macosx;
			};
			name = Debug;
		};
		1DEB91B308733DA50010E9CD /* Release */ = {
			isa = XCBuildConfiguration;
			buildSettings = {
				ALWAYS_SEARCH_USER_PATHS = NO;
				CLANG_WARN_BLOCK_CAPTURE_AUTORELEASING = YES;
				CLANG_WARN_BOOL_CONVERSION = YES;
				CLANG_WARN_COMMA = YES;
				CLANG_WARN_CONSTANT_CONVERSION = YES;
				CLANG_WARN_DEPRECATED_OBJC_IMPLEMENTATIONS = YES;
				CLANG_WARN_EMPTY_BODY = YES;
				CLANG_WARN_ENUM_CONVERSION = YES;
				CLANG_WARN_INFINITE_RECURSION = YES;
				CLANG_WARN_INT_CONVERSION = YES;
				CLANG_WARN_NON_LITERAL_NULL_CONVERSION = YES;
				CLANG_WARN_OBJC_IMPLICIT_RETAIN_SELF = YES;
				CLANG_WARN_OBJC_LITERAL_CONVERSION = YES;
				CLANG_WARN_QUOTED_INCLUDE_IN_FRAMEWORK_HEADER = YES;
				CLANG_WARN_RANGE_LOOP_ANALYSIS = YES;
				CLANG_WARN_STRICT_PROTOTYPES = YES;
				CLANG_WARN_SUSPICIOUS_MOVE = YES;
				CLANG_WARN_UNREACHABLE_CODE = YES;
				CLANG_WARN__DUPLICATE_METHOD_MATCH = YES;
				COPY_PHASE_STRIP = YES;
				DEAD_CODE_STRIPPING = YES;
				DEBUG_INFORMATION_FORMAT = "dwarf-with-dsym";
				ENABLE_STRICT_OBJC_MSGSEND = YES;
				FUSE_BUNDLE_IDENTIFIER_PREFIX = io.macfuse;
				FUSE_DISPLAY_NAME = macFUSE;
				FUSE_NAME = macfuse;
				FUSE_VERSION = 5.0.0;
				GCC_C_LANGUAGE_STANDARD = c99;
				GCC_ENABLE_OBJC_EXCEPTIONS = YES;
				GCC_NO_COMMON_BLOCKS = YES;
				GCC_SYMBOLS_PRIVATE_EXTERN = YES;
				GCC_TREAT_WARNINGS_AS_ERRORS = YES;
				GCC_WARN_64_TO_32_BIT_CONVERSION = YES;
				GCC_WARN_ABOUT_RETURN_TYPE = YES;
				GCC_WARN_UNDECLARED_SELECTOR = NO;
				GCC_WARN_UNINITIALIZED_AUTOS = YES;
				GCC_WARN_UNUSED_FUNCTION = YES;
				GCC_WARN_UNUSED_VARIABLE = YES;
				MACOSX_DEPLOYMENT_TARGET = 10.15;
				SDKROOT = macosx;
			};
			name = Release;
		};
		28D525C60EA8076400B7CF7B /* Debug */ = {
			isa = XCBuildConfiguration;
			buildSettings = {
				CLANG_ENABLE_OBJC_WEAK = YES;
				COMBINE_HIDPI_IMAGES = YES;
				COPY_PHASE_STRIP = YES;
				DEAD_CODE_STRIPPING = NO;
				DEBUG_INFORMATION_FORMAT = "dwarf-with-dsym";
				DYLIB_COMPATIBILITY_VERSION = 1;
				DYLIB_CURRENT_VERSION = 3;
				FRAMEWORK_VERSION = A;
				FUSE_FRAMEWORK_BUNDLE_IDENTIFIER = "$(FUSE_BUNDLE_IDENTIFIER_PREFIX).frameworks.$(FUSE_NAME)";
				FUSE_HEADER_SEARCH_PATHS = "$(FUSE_LIBRARY_PREFIX)/include";
				FUSE_LIBRARY_PREFIX = /usr/local;
				FUSE_LIBRARY_SEARCH_PATHS = "$(FUSE_LIBRARY_PREFIX)/lib";
				FUSE_OTHER_LDFLAGS = "-lfuse";
				GCC_DYNAMIC_NO_PIC = NO;
				GCC_OPTIMIZATION_LEVEL = 0;
				GCC_PREPROCESSOR_DEFINITIONS = (
					"$(inherited)",
					_DARWIN_USE_64_BIT_INODE,
					"_FILE_OFFSET_BITS=64",
				);
				HEADER_SEARCH_PATHS = "$(FUSE_HEADER_SEARCH_PATHS)";
				INFOPLIST_FILE = Framework/Info.plist;
				INSTALL_PATH = /Library/Frameworks;
				LIBRARY_SEARCH_PATHS = "$(FUSE_LIBRARY_SEARCH_PATHS)";
				ONLY_ACTIVE_ARCH = NO;
				OTHER_LDFLAGS = "$(FUSE_OTHER_LDFLAGS)";
				PRODUCT_BUNDLE_IDENTIFIER = "$(FUSE_FRAMEWORK_BUNDLE_IDENTIFIER)";
				PRODUCT_NAME = "${FUSE_DISPLAY_NAME}";
				STRIP_STYLE = debugging;
				VALID_ARCHS = "arm64 i386 x86_64";
				WRAPPER_EXTENSION = framework;
			};
			name = Debug;
		};
		28D525C70EA8076400B7CF7B /* Release */ = {
			isa = XCBuildConfiguration;
			buildSettings = {
				CLANG_ENABLE_OBJC_WEAK = YES;
				COMBINE_HIDPI_IMAGES = YES;
				COPY_PHASE_STRIP = YES;
				DEAD_CODE_STRIPPING = NO;
				DEBUG_INFORMATION_FORMAT = "dwarf-with-dsym";
				DEPLOYMENT_POSTPROCESSING = YES;
				DYLIB_COMPATIBILITY_VERSION = 1;
				DYLIB_CURRENT_VERSION = 3;
				FRAMEWORK_VERSION = A;
				FUSE_FRAMEWORK_BUNDLE_IDENTIFIER = "$(FUSE_BUNDLE_IDENTIFIER_PREFIX).frameworks.$(FUSE_NAME)";
				FUSE_HEADER_SEARCH_PATHS = "$(FUSE_LIBRARY_PREFIX)/include";
				FUSE_LIBRARY_PREFIX = /usr/local;
				FUSE_LIBRARY_SEARCH_PATHS = "$(FUSE_LIBRARY_PREFIX)/lib";
				FUSE_OTHER_LDFLAGS = "-lfuse";
				GCC_PREPROCESSOR_DEFINITIONS = (
					"$(inherited)",
					_DARWIN_USE_64_BIT_INODE,
					"_FILE_OFFSET_BITS=64",
				);
				HEADER_SEARCH_PATHS = "$(FUSE_HEADER_SEARCH_PATHS)";
				INFOPLIST_FILE = Framework/Info.plist;
				INSTALL_PATH = /Library/Frameworks;
				LIBRARY_SEARCH_PATHS = "$(FUSE_LIBRARY_SEARCH_PATHS)";
				OTHER_LDFLAGS = "$(FUSE_OTHER_LDFLAGS)";
				PRODUCT_BUNDLE_IDENTIFIER = "$(FUSE_FRAMEWORK_BUNDLE_IDENTIFIER)";
				PRODUCT_NAME = "${FUSE_DISPLAY_NAME}";
				STRIPFLAGS = "";
				STRIP_STYLE = "non-global";
				VALID_ARCHS = "arm64 i386 x86_64";
				WRAPPER_EXTENSION = framework;
			};
			name = Release;
		};
/* End XCBuildConfiguration section */

/* Begin XCConfigurationList section */
		1DEB91B108733DA50010E9CD /* Build configuration list for PBXProject "Framework" */ = {
			isa = XCConfigurationList;
			buildConfigurations = (
				1DEB91B208733DA50010E9CD /* Debug */,
				1DEB91B308733DA50010E9CD /* Release */,
			);
			defaultConfigurationIsVisible = 0;
			defaultConfigurationName = Debug;
		};
		28D525C50EA8076400B7CF7B /* Build configuration list for PBXNativeTarget "macFUSE" */ = {
			isa = XCConfigurationList;
			buildConfigurations = (
				28D525C60EA8076400B7CF7B /* Debug */,
				28D525C70EA8076400B7CF7B /* Release */,
			);
			defaultConfigurationIsVisible = 0;
			defaultConfigurationName = Debug;
		};
/* End XCConfigurationList section */
	};
	rootObject = 0867D690FE84028FC02AAC07 /* Project object */;
}
